Microsoft Visual Studio Solution File, Format Version 8.00
Project("{F184B08F-C81C-45F6-A57F-5ABD9991F28F}") = "OutputCache", "http://localhost/OutputCache/OutputCache.vbproj", "{5254E5AC-D8C5-4006-9A40-77B1F2B0094A}"
	ProjectSection(ProjectDependencies) = postProject
	EndProjectSection
EndProject
Global
	GlobalSection(SolutionConfiguration) = preSolution
		Debug = Debug
		Release = Release
	EndGlobalSection
	GlobalSection(ProjectConfiguration) = postSolution
		{5254E5AC-D8C5-4006-9A40-77B1F2B0094A}.Debug.ActiveCfg = Debug|.NET
		{5254E5AC-D8C5-4006-9A40-77B1F2B0094A}.Debug.Build.0 = Debug|.NET
		{5254E5AC-D8C5-4006-9A40-77B1F2B0094A}.Release.ActiveCfg = Release|.NET
		{5254E5AC-D8C5-4006-9A40-77B1F2B0094A}.Release.Build.0 = Release|.NET
	EndGlobalSection
	GlobalSection(ExtensibilityGlobals) = postSolution
	EndGlobalSection
	GlobalSection(ExtensibilityAddIns) = postSolution
	EndGlobalSection
EndGlobal
