Microsoft Visual Studio Solution File, Format Version 8.00
Project("{F184B08F-C81C-45F6-A57F-5ABD9991F28F}") = "ToolTips", "ToolTips.vbproj", "{B1737C11-9E2D-4DCD-A7CC-9DFFFF722D29}"
	ProjectSection(ProjectDependencies) = postProject
	EndProjectSection
EndProject
Global
	GlobalSection(SolutionConfiguration) = preSolution
		Debug = Debug
		Release = Release
	EndGlobalSection
	GlobalSection(ProjectConfiguration) = postSolution
		{B1737C11-9E2D-4DCD-A7CC-9DFFFF722D29}.Debug.ActiveCfg = Debug|.NET
		{B1737C11-9E2D-4DCD-A7CC-9DFFFF722D29}.Debug.Build.0 = Debug|.NET
		{B1737C11-9E2D-4DCD-A7CC-9DFFFF722D29}.Release.ActiveCfg = Release|.NET
		{B1737C11-9E2D-4DCD-A7CC-9DFFFF722D29}.Release.Build.0 = Release|.NET
	EndGlobalSection
	GlobalSection(ExtensibilityGlobals) = postSolution
	EndGlobalSection
	GlobalSection(ExtensibilityAddIns) = postSolution
	EndGlobalSection
EndGlobal
