Microsoft Visual Studio Solution File, Format Version 8.00
Project("{F184B08F-C81C-45F6-A57F-5ABD9991F28F}") = "Adrotator", "http://localhost/Adrotator/Adrotator.vbproj", "{30E5F6CC-C60A-4426-AA9F-5949591BCFE8}"
	ProjectSection(ProjectDependencies) = postProject
	EndProjectSection
EndProject
Global
	GlobalSection(SolutionConfiguration) = preSolution
		Debug = Debug
		Release = Release
	EndGlobalSection
	GlobalSection(ProjectConfiguration) = postSolution
		{30E5F6CC-C60A-4426-AA9F-5949591BCFE8}.Debug.ActiveCfg = Debug|.NET
		{30E5F6CC-C60A-4426-AA9F-5949591BCFE8}.Debug.Build.0 = Debug|.NET
		{30E5F6CC-C60A-4426-AA9F-5949591BCFE8}.Release.ActiveCfg = Release|.NET
		{30E5F6CC-C60A-4426-AA9F-5949591BCFE8}.Release.Build.0 = Release|.NET
	EndGlobalSection
	GlobalSection(ExtensibilityGlobals) = postSolution
	EndGlobalSection
	GlobalSection(ExtensibilityAddIns) = postSolution
	EndGlobalSection
EndGlobal
