Microsoft Visual Studio Solution File, Format Version 8.00
Project("{F184B08F-C81C-45F6-A57F-5ABD9991F28F}") = "DataBinding", "DataBinding.vbproj", "{459461F1-4F22-4CFA-93C2-152A68059614}"
	ProjectSection(ProjectDependencies) = postProject
	EndProjectSection
EndProject
Global
	GlobalSection(SolutionConfiguration) = preSolution
		Debug = Debug
		Release = Release
	EndGlobalSection
	GlobalSection(ProjectConfiguration) = postSolution
		{459461F1-4F22-4CFA-93C2-152A68059614}.Debug.ActiveCfg = Debug|.NET
		{459461F1-4F22-4CFA-93C2-152A68059614}.Debug.Build.0 = Debug|.NET
		{459461F1-4F22-4CFA-93C2-152A68059614}.Release.ActiveCfg = Release|.NET
		{459461F1-4F22-4CFA-93C2-152A68059614}.Release.Build.0 = Release|.NET
	EndGlobalSection
	GlobalSection(ExtensibilityGlobals) = postSolution
	EndGlobalSection
	GlobalSection(ExtensibilityAddIns) = postSolution
	EndGlobalSection
EndGlobal
