Microsoft Visual Studio Solution File, Format Version 8.00
Project("{F184B08F-C81C-45F6-A57F-5ABD9991F28F}") = "CreateLinkLabel", "CreateLinkLabel.vbproj", "{5127F802-2104-42EA-ADFC-A2943F867B9F}"
	ProjectSection(ProjectDependencies) = postProject
	EndProjectSection
EndProject
Global
	GlobalSection(SolutionConfiguration) = preSolution
		Debug = Debug
		Release = Release
	EndGlobalSection
	GlobalSection(ProjectConfiguration) = postSolution
		{5127F802-2104-42EA-ADFC-A2943F867B9F}.Debug.ActiveCfg = Debug|.NET
		{5127F802-2104-42EA-ADFC-A2943F867B9F}.Debug.Build.0 = Debug|.NET
		{5127F802-2104-42EA-ADFC-A2943F867B9F}.Release.ActiveCfg = Release|.NET
		{5127F802-2104-42EA-ADFC-A2943F867B9F}.Release.Build.0 = Release|.NET
	EndGlobalSection
	GlobalSection(ExtensibilityGlobals) = postSolution
	EndGlobalSection
	GlobalSection(ExtensibilityAddIns) = postSolution
	EndGlobalSection
EndGlobal
