Microsoft Visual Studio Solution File, Format Version 8.00
Project("{F184B08F-C81C-45F6-A57F-5ABD9991F28F}") = "WebDataNavigation", "http://localhost/WebDataNavigation/WebDataNavigation.vbproj", "{3030EDAE-AE03-4A01-8369-12477DA9972A}"
	ProjectSection(ProjectDependencies) = postProject
	EndProjectSection
EndProject
Global
	GlobalSection(SolutionConfiguration) = preSolution
		Debug = Debug
		Release = Release
	EndGlobalSection
	GlobalSection(ProjectConfiguration) = postSolution
		{3030EDAE-AE03-4A01-8369-12477DA9972A}.Debug.ActiveCfg = Debug|.NET
		{3030EDAE-AE03-4A01-8369-12477DA9972A}.Debug.Build.0 = Debug|.NET
		{3030EDAE-AE03-4A01-8369-12477DA9972A}.Release.ActiveCfg = Release|.NET
		{3030EDAE-AE03-4A01-8369-12477DA9972A}.Release.Build.0 = Release|.NET
	EndGlobalSection
	GlobalSection(ExtensibilityGlobals) = postSolution
	EndGlobalSection
	GlobalSection(ExtensibilityAddIns) = postSolution
	EndGlobalSection
EndGlobal
