Microsoft Visual Studio Solution File, Format Version 8.00
Project("{F184B08F-C81C-45F6-A57F-5ABD9991F28F}") = "ComboBoxes", "ComboBoxes.vbproj", "{E37932E6-8F98-45C5-8468-F068D0E11C27}"
	ProjectSection(ProjectDependencies) = postProject
	EndProjectSection
EndProject
Global
	GlobalSection(SolutionConfiguration) = preSolution
		Debug = Debug
		Release = Release
	EndGlobalSection
	GlobalSection(ProjectConfiguration) = postSolution
		{E37932E6-8F98-45C5-8468-F068D0E11C27}.Debug.ActiveCfg = Debug|.NET
		{E37932E6-8F98-45C5-8468-F068D0E11C27}.Debug.Build.0 = Debug|.NET
		{E37932E6-8F98-45C5-8468-F068D0E11C27}.Release.ActiveCfg = Release|.NET
		{E37932E6-8F98-45C5-8468-F068D0E11C27}.Release.Build.0 = Release|.NET
	EndGlobalSection
	GlobalSection(ExtensibilityGlobals) = postSolution
	EndGlobalSection
	GlobalSection(ExtensibilityAddIns) = postSolution
	EndGlobalSection
EndGlobal
