Microsoft Visual Studio Solution File, Format Version 8.00
Project("{F184B08F-C81C-45F6-A57F-5ABD9991F28F}") = "Displayer", "Displayer.vbproj", "{09FBB4DF-4EE2-4E07-B731-696E42042BB9}"
	ProjectSection(ProjectDependencies) = postProject
	EndProjectSection
EndProject
Global
	GlobalSection(SolutionConfiguration) = preSolution
		Debug = Debug
		Release = Release
	EndGlobalSection
	GlobalSection(ProjectConfiguration) = postSolution
		{09FBB4DF-4EE2-4E07-B731-696E42042BB9}.Debug.ActiveCfg = Debug|.NET
		{09FBB4DF-4EE2-4E07-B731-696E42042BB9}.Debug.Build.0 = Debug|.NET
		{09FBB4DF-4EE2-4E07-B731-696E42042BB9}.Release.ActiveCfg = Release|.NET
		{09FBB4DF-4EE2-4E07-B731-696E42042BB9}.Release.Build.0 = Release|.NET
	EndGlobalSection
	GlobalSection(ExtensibilityGlobals) = postSolution
	EndGlobalSection
	GlobalSection(ExtensibilityAddIns) = postSolution
	EndGlobalSection
EndGlobal
