Microsoft Visual Studio Solution File, Format Version 8.00
Project("{F184B08F-C81C-45F6-A57F-5ABD9991F28F}") = "CompareValidator", "http://localhost/CompareValidator/CompareValidator.vbproj", "{F3B342EA-D4D6-402A-A8CE-ABC6CF4FF080}"
	ProjectSection(ProjectDependencies) = postProject
	EndProjectSection
EndProject
Global
	GlobalSection(SolutionConfiguration) = preSolution
		Debug = Debug
		Release = Release
	EndGlobalSection
	GlobalSection(ProjectConfiguration) = postSolution
		{F3B342EA-D4D6-402A-A8CE-ABC6CF4FF080}.Debug.ActiveCfg = Debug|.NET
		{F3B342EA-D4D6-402A-A8CE-ABC6CF4FF080}.Debug.Build.0 = Debug|.NET
		{F3B342EA-D4D6-402A-A8CE-ABC6CF4FF080}.Release.ActiveCfg = Release|.NET
		{F3B342EA-D4D6-402A-A8CE-ABC6CF4FF080}.Release.Build.0 = Release|.NET
	EndGlobalSection
	GlobalSection(ExtensibilityGlobals) = postSolution
	EndGlobalSection
	GlobalSection(ExtensibilityAddIns) = postSolution
	EndGlobalSection
EndGlobal
