Microsoft Visual Studio Solution File, Format Version 8.00
Project("{F184B08F-C81C-45F6-A57F-5ABD9991F28F}") = "Multiwindow", "Multiwindow.vbproj", "{8B2EDEAD-1F69-4C56-8536-99EDE7D1DB6C}"
	ProjectSection(ProjectDependencies) = postProject
	EndProjectSection
EndProject
Global
	GlobalSection(SolutionConfiguration) = preSolution
		Debug = Debug
		Release = Release
	EndGlobalSection
	GlobalSection(ProjectConfiguration) = postSolution
		{8B2EDEAD-1F69-4C56-8536-99EDE7D1DB6C}.Debug.ActiveCfg = Debug|.NET
		{8B2EDEAD-1F69-4C56-8536-99EDE7D1DB6C}.Debug.Build.0 = Debug|.NET
		{8B2EDEAD-1F69-4C56-8536-99EDE7D1DB6C}.Release.ActiveCfg = Release|.NET
		{8B2EDEAD-1F69-4C56-8536-99EDE7D1DB6C}.Release.Build.0 = Release|.NET
	EndGlobalSection
	GlobalSection(ExtensibilityGlobals) = postSolution
	EndGlobalSection
	GlobalSection(ExtensibilityAddIns) = postSolution
	EndGlobalSection
EndGlobal
