Microsoft Visual Studio Solution File, Format Version 8.00
Project("{F184B08F-C81C-45F6-A57F-5ABD9991F28F}") = "DataSetXML", "DataSetXML.vbproj", "{8BA39056-8E58-4B25-9AA1-56D09BE87DB8}"
	ProjectSection(ProjectDependencies) = postProject
	EndProjectSection
EndProject
Global
	GlobalSection(SolutionConfiguration) = preSolution
		Debug = Debug
		Release = Release
	EndGlobalSection
	GlobalSection(ProjectConfiguration) = postSolution
		{8BA39056-8E58-4B25-9AA1-56D09BE87DB8}.Debug.ActiveCfg = Debug|.NET
		{8BA39056-8E58-4B25-9AA1-56D09BE87DB8}.Debug.Build.0 = Debug|.NET
		{8BA39056-8E58-4B25-9AA1-56D09BE87DB8}.Release.ActiveCfg = Release|.NET
		{8BA39056-8E58-4B25-9AA1-56D09BE87DB8}.Release.Build.0 = Release|.NET
	EndGlobalSection
	GlobalSection(ExtensibilityGlobals) = postSolution
	EndGlobalSection
	GlobalSection(ExtensibilityAddIns) = postSolution
	EndGlobalSection
EndGlobal
