Microsoft Visual Studio Solution File, Format Version 8.00
Project("{F184B08F-C81C-45F6-A57F-5ABD9991F28F}") = "ASimpleClient", "ASimpleClient.vbproj", "{175B50B4-9991-4EFB-B6FA-D6974656D5E2}"
	ProjectSection(ProjectDependencies) = postProject
	EndProjectSection
EndProject
Global
	GlobalSection(SolutionConfiguration) = preSolution
		Debug = Debug
		Release = Release
	EndGlobalSection
	GlobalSection(ProjectConfiguration) = postSolution
		{175B50B4-9991-4EFB-B6FA-D6974656D5E2}.Debug.ActiveCfg = Debug|.NET
		{175B50B4-9991-4EFB-B6FA-D6974656D5E2}.Debug.Build.0 = Debug|.NET
		{175B50B4-9991-4EFB-B6FA-D6974656D5E2}.Release.ActiveCfg = Release|.NET
		{175B50B4-9991-4EFB-B6FA-D6974656D5E2}.Release.Build.0 = Release|.NET
	EndGlobalSection
	GlobalSection(ExtensibilityGlobals) = postSolution
	EndGlobalSection
	GlobalSection(ExtensibilityAddIns) = postSolution
	EndGlobalSection
EndGlobal
