Microsoft Visual Studio Solution File, Format Version 8.00
Project("{F184B08F-C81C-45F6-A57F-5ABD9991F28F}") = "Mouser", "Mouser.vbproj", "{9D409053-82DD-4071-ABB9-23B13082A361}"
	ProjectSection(ProjectDependencies) = postProject
	EndProjectSection
EndProject
Global
	GlobalSection(SolutionConfiguration) = preSolution
		Debug = Debug
		Release = Release
	EndGlobalSection
	GlobalSection(ProjectConfiguration) = postSolution
		{9D409053-82DD-4071-ABB9-23B13082A361}.Debug.ActiveCfg = Debug|.NET
		{9D409053-82DD-4071-ABB9-23B13082A361}.Debug.Build.0 = Debug|.NET
		{9D409053-82DD-4071-ABB9-23B13082A361}.Release.ActiveCfg = Release|.NET
		{9D409053-82DD-4071-ABB9-23B13082A361}.Release.Build.0 = Release|.NET
	EndGlobalSection
	GlobalSection(ExtensibilityGlobals) = postSolution
	EndGlobalSection
	GlobalSection(ExtensibilityAddIns) = postSolution
	EndGlobalSection
EndGlobal
