Microsoft Visual Studio Solution File, Format Version 8.00
Project("{8BC9CEB8-8B4A-11D0-8D11-00A0C91BC942}") = "VCTestApp", "VCTestApp.vcproj", "{CF45A35A-2DC1-4F06-825E-255A88B5A0D8}"
	ProjectSection(ProjectDependencies) = postProject
	EndProjectSection
EndProject
Global
	GlobalSection(SolutionConfiguration) = preSolution
		Debug = Debug
		Release = Release
	EndGlobalSection
	GlobalSection(ProjectConfiguration) = postSolution
		{CF45A35A-2DC1-4F06-825E-255A88B5A0D8}.Debug.ActiveCfg = Debug|Win32
		{CF45A35A-2DC1-4F06-825E-255A88B5A0D8}.Debug.Build.0 = Debug|Win32
		{CF45A35A-2DC1-4F06-825E-255A88B5A0D8}.Release.ActiveCfg = Release|Win32
		{CF45A35A-2DC1-4F06-825E-255A88B5A0D8}.Release.Build.0 = Release|Win32
	EndGlobalSection
	GlobalSection(ExtensibilityGlobals) = postSolution
	EndGlobalSection
	GlobalSection(ExtensibilityAddIns) = postSolution
	EndGlobalSection
EndGlobal
